
Microsoft Visual Studio Solution File, Format Version 11.00
# Visual Studio 2010
Project("{FAE04EC0-301F-11D3-BF4B-00C04F79EFBC}") = "SOAPServices", "SOAPServices\SOAPServices.csproj", "{6C7984CD-A362-4D11-A4F8-46C96E46E212}"
EndProject
Project("{2150E333-8FDC-42A3-9474-1A3956D46DE8}") = "Librerias", "Librerias", "{3EF3A105-6E81-474B-BBC8-0802B74BE91C}"
	ProjectSection(SolutionItems) = preProject
		Librerias\Iesi.Collections.dll = Librerias\Iesi.Collections.dll
		Librerias\NHibernate.dll = Librerias\NHibernate.dll
	EndProjectSection
EndProject
Global
	GlobalSection(SolutionConfigurationPlatforms) = preSolution
		Debug|Any CPU = Debug|Any CPU
		Release|Any CPU = Release|Any CPU
	EndGlobalSection
	GlobalSection(ProjectConfigurationPlatforms) = postSolution
		{6C7984CD-A362-4D11-A4F8-46C96E46E212}.Debug|Any CPU.ActiveCfg = Debug|Any CPU
		{6C7984CD-A362-4D11-A4F8-46C96E46E212}.Debug|Any CPU.Build.0 = Debug|Any CPU
		{6C7984CD-A362-4D11-A4F8-46C96E46E212}.Release|Any CPU.ActiveCfg = Release|Any CPU
		{6C7984CD-A362-4D11-A4F8-46C96E46E212}.Release|Any CPU.Build.0 = Release|Any CPU
	EndGlobalSection
	GlobalSection(SolutionProperties) = preSolution
		HideSolutionNode = FALSE
	EndGlobalSection
EndGlobal
